
Microsoft Visual Studio Solution File, Format Version 12.00
# Visual Studio Version 17
VisualStudioVersion = 17.14.36811.4 d17.14
MinimumVisualStudioVersion = 10.0.40219.1
Project("{F184B08F-C81C-45F6-A57F-5ABD9991F28F}") = "CredisaleSystem", "CredisaleSystem\CredisaleSystem.vbproj", "{601D1410-460A-40C4-AFB8-A637203838C0}"
EndProject
Global
	GlobalSection(SolutionConfigurationPlatforms) = preSolution
		Debug|Any CPU = Debug|Any CPU
		Release|Any CPU = Release|Any CPU
	EndGlobalSection
	GlobalSection(ProjectConfigurationPlatforms) = postSolution
		{601D1410-460A-40C4-AFB8-A637203838C0}.Debug|Any CPU.ActiveCfg = Debug|Any CPU
		{601D1410-460A-40C4-AFB8-A637203838C0}.Debug|Any CPU.Build.0 = Debug|Any CPU
		{601D1410-460A-40C4-AFB8-A637203838C0}.Release|Any CPU.ActiveCfg = Release|Any CPU
		{601D1410-460A-40C4-AFB8-A637203838C0}.Release|Any CPU.Build.0 = Release|Any CPU
	EndGlobalSection
	GlobalSection(SolutionProperties) = preSolution
		HideSolutionNode = FALSE
	EndGlobalSection
	GlobalSection(ExtensibilityGlobals) = postSolution
		SolutionGuid = {227A8920-9E31-4AC7-B1CC-A08950A38A53}
	EndGlobalSection
EndGlobal
